// !$*UTF8*$!
{
	archiveVersion = 1;
	classes = {
	};
	objectVersion = 46;
	objects = {

/* Begin PBXBuildFile section */
		00826A4BB009CF527F844401 /* Pods_SLBarCharts.framework in Frameworks */ = {isa = PBXBuildFile; fileRef = 850E42E2B6201F7631490E81 /* Pods_SLBarCharts.framework */; };
		4F77AB001E73A2AF008DBF4E /* main.m in Sources */ = {isa = PBXBuildFile; fileRef = 4F77AAFF1E73A2AF008DBF4E /* main.m */; };
		4F77AB031E73A2AF008DBF4E /* AppDelegate.m in Sources */ = {isa = PBXBuildFile; fileRef = 4F77AB021E73A2AF008DBF4E /* AppDelegate.m */; };
		4F77AB061E73A2AF008DBF4E /* ViewController.m in Sources */ = {isa = PBXBuildFile; fileRef = 4F77AB051E73A2AF008DBF4E /* ViewController.m */; };
		4F77AB091E73A2AF008DBF4E /* Main.storyboard in Resources */ = {isa = PBXBuildFile; fileRef = 4F77AB071E73A2AF008DBF4E /* Main.storyboard */; };
		4F77AB0B1E73A2AF008DBF4E /* Assets.xcassets in Resources */ = {isa = PBXBuildFile; fileRef = 4F77AB0A1E73A2AF008DBF4E /* Assets.xcassets */; };
		4F77AB0E1E73A2AF008DBF4E /* LaunchScreen.storyboard in Resources */ = {isa = PBXBuildFile; fileRef = 4F77AB0C1E73A2AF008DBF4E /* LaunchScreen.storyboard */; };
/* End PBXBuildFile section */

/* Begin PBXFileReference section */
		4F77AAFB1E73A2AF008DBF4E /* SLBarCharts.app */ = {isa = PBXFileReference; explicitFileType = wrapper.application; includeInIndex = 0; path = SLBarCharts.app; sourceTree = BUILT_PRODUCTS_DIR; };
		4F77AAFF1E73A2AF008DBF4E /* main.m */ = {isa = PBXFileReference; lastKnownFileType = sourcecode.c.objc; path = main.m; sourceTree = "<group>"; };
		4F77AB011E73A2AF008DBF4E /* AppDelegate.h */ = {isa = PBXFileReference; lastKnownFileType = sourcecode.c.h; path = AppDelegate.h; sourceTree = "<group>"; };
		4F77AB021E73A2AF008DBF4E /* AppDelegate.m */ = {isa = PBXFileReference; lastKnownFileType = sourcecode.c.objc; path = AppDelegate.m; sourceTree = "<group>"; };
		4F77AB041E73A2AF008DBF4E /* ViewController.h */ = {isa = PBXFileReference; lastKnownFileType = sourcecode.c.h; path = ViewController.h; sourceTree = "<group>"; };
		4F77AB051E73A2AF008DBF4E /* ViewController.m */ = {isa = PBXFileReference; lastKnownFileType = sourcecode.c.objc; path = ViewController.m; sourceTree = "<group>"; };
		4F77AB081E73A2AF008DBF4E /* Base */ = {isa = PBXFileReference; lastKnownFileType = file.storyboard; name = Base; path = Base.lproj/Main.storyboard; sourceTree = "<group>"; };
		4F77AB0A1E73A2AF008DBF4E /* Assets.xcassets */ = {isa = PBXFileReference; lastKnownFileType = folder.assetcatalog; path = Assets.xcassets; sourceTree = "<group>"; };
		4F77AB0D1E73A2AF008DBF4E /* Base */ = {isa = PBXFileReference; lastKnownFileType = file.storyboard; name = Base; path = Base.lproj/LaunchScreen.storyboard; sourceTree = "<group>"; };
		4F77AB0F1E73A2AF008DBF4E /* Info.plist */ = {isa = PBXFileReference; lastKnownFileType = text.plist.xml; path = Info.plist; sourceTree = "<group>"; };
		7618F65560A45C090EE60A15 /* Pods-SLBarCharts.debug.xcconfig */ = {isa = PBXFileReference; includeInIndex = 1; lastKnownFileType = text.xcconfig; name = "Pods-SLBarCharts.debug.xcconfig"; path = "Pods/Target Support Files/Pods-SLBarCharts/Pods-SLBarCharts.debug.xcconfig"; sourceTree = "<group>"; };
		850E42E2B6201F7631490E81 /* Pods_SLBarCharts.framework */ = {isa = PBXFileReference; explicitFileType = wrapper.framework; includeInIndex = 0; path = Pods_SLBarCharts.framework; sourceTree = BUILT_PRODUCTS_DIR; };
		E00769DD03F6247D065760EE /* Pods-SLBarCharts.release.xcconfig */ = {isa = PBXFileReference; includeInIndex = 1; lastKnownFileType = text.xcconfig; name = "Pods-SLBarCharts.release.xcconfig"; path = "Pods/Target Support Files/Pods-SLBarCharts/Pods-SLBarCharts.release.xcconfig"; sourceTree = "<group>"; };
/* End PBXFileReference section */

/* Begin PBXFrameworksBuildPhase section */
		4F77AAF81E73A2AF008DBF4E /* Frameworks */ = {
			isa = PBXFrameworksBuildPhase;
			buildActionMask = 2147483647;
			files = (
				00826A4BB009CF527F844401 /* Pods_SLBarCharts.framework in Frameworks */,
			);
			runOnlyForDeploymentPostprocessing = 0;
		};
/* End PBXFrameworksBuildPhase section */

/* Begin PBXGroup section */
		4F764F3D358C296869E8C794 /* Frameworks */ = {
			isa = PBXGroup;
			children = (
				850E42E2B6201F7631490E81 /* Pods_SLBarCharts.framework */,
			);
			name = Frameworks;
			sourceTree = "<group>";
		};
		4F77AAF21E73A2AF008DBF4E = {
			isa = PBXGroup;
			children = (
				4F77AAFD1E73A2AF008DBF4E /* SLBarCharts */,
				4F77AAFC1E73A2AF008DBF4E /* Products */,
				A5C17567B9D1A42D4A47718F /* Pods */,
				4F764F3D358C296869E8C794 /* Frameworks */,
			);
			sourceTree = "<group>";
		};
		4F77AAFC1E73A2AF008DBF4E /* Products */ = {
			isa = PBXGroup;
			children = (
				4F77AAFB1E73A2AF008DBF4E /* SLBarCharts.app */,
			);
			name = Products;
			sourceTree = "<group>";
		};
		4F77AAFD1E73A2AF008DBF4E /* SLBarCharts */ = {
			isa = PBXGroup;
			children = (
				4F77AB011E73A2AF008DBF4E /* AppDelegate.h */,
				4F77AB021E73A2AF008DBF4E /* AppDelegate.m */,
				4F77AB041E73A2AF008DBF4E /* ViewController.h */,
				4F77AB051E73A2AF008DBF4E /* ViewController.m */,
				4F77AB071E73A2AF008DBF4E /* Main.storyboard */,
				4F77AB0A1E73A2AF008DBF4E /* Assets.xcassets */,
				4F77AB0C1E73A2AF008DBF4E /* LaunchScreen.storyboard */,
				4F77AB0F1E73A2AF008DBF4E /* Info.plist */,
				4F77AAFE1E73A2AF008DBF4E /* Supporting Files */,
			);
			path = SLBarCharts;
			sourceTree = "<group>";
		};
		4F77AAFE1E73A2AF008DBF4E /* Supporting Files */ = {
			isa = PBXGroup;
			children = (
				4F77AAFF1E73A2AF008DBF4E /* main.m */,
			);
			name = "Supporting Files";
			sourceTree = "<group>";
		};
		A5C17567B9D1A42D4A47718F /* Pods */ = {
			isa = PBXGroup;
			children = (
				7618F65560A45C090EE60A15 /* Pods-SLBarCharts.debug.xcconfig */,
				E00769DD03F6247D065760EE /* Pods-SLBarCharts.release.xcconfig */,
			);
			name = Pods;
			sourceTree = "<group>";
		};
/* End PBXGroup section */

/* Begin PBXNativeTarget section */
		4F77AAFA1E73A2AF008DBF4E /* SLBarCharts */ = {
			isa = PBXNativeTarget;
			buildConfigurationList = 4F77AB121E73A2AF008DBF4E /* Build configuration list for PBXNativeTarget "SLBarCharts" */;
			buildPhases = (
				B379B364E37F6BDB6A7B576F /* [CP] Check Pods Manifest.lock */,
				4F77AAF71E73A2AF008DBF4E /* Sources */,
				4F77AAF81E73A2AF008DBF4E /* Frameworks */,
				4F77AAF91E73A2AF008DBF4E /* Resources */,
				3463BDB26CFCFEBB5BB96144 /* [CP] Embed Pods Frameworks */,
				F1D086F8B4A355A235EBB895 /* [CP] Copy Pods Resources */,
			);
			buildRules = (
			);
			dependencies = (
			);
			name = SLBarCharts;
			productName = SLBarCharts;
			productReference = 4F77AAFB1E73A2AF008DBF4E /* SLBarCharts.app */;
			productType = "com.apple.product-type.application";
		};
/* End PBXNativeTarget section */

/* Begin PBXProject section */
		4F77AAF31E73A2AF008DBF4E /* Project object */ = {
			isa = PBXProject;
			attributes = {
				LastUpgradeCheck = 0820;
				ORGANIZATIONNAME = sl;
				TargetAttributes = {
					4F77AAFA1E73A2AF008DBF4E = {
						CreatedOnToolsVersion = 8.2.1;
						ProvisioningStyle = Automatic;
					};
				};
			};
			buildConfigurationList = 4F77AAF61E73A2AF008DBF4E /* Build configuration list for PBXProject "SLBarCharts" */;
			compatibilityVersion = "Xcode 3.2";
			developmentRegion = English;
			hasScannedForEncodings = 0;
			knownRegions = (
				en,
				Base,
			);
			mainGroup = 4F77AAF21E73A2AF008DBF4E;
			productRefGroup = 4F77AAFC1E73A2AF008DBF4E /* Products */;
			projectDirPath = "";
			projectRoot = "";
			targets = (
				4F77AAFA1E73A2AF008DBF4E /* SLBarCharts */,
			);
		};
/* End PBXProject section */

/* Begin PBXResourcesBuildPhase section */
		4F77AAF91E73A2AF008DBF4E /* Resources */ = {
			isa = PBXResourcesBuildPhase;
			buildActionMask = 2147483647;
			files = (
				4F77AB0E1E73A2AF008DBF4E /* LaunchScreen.storyboard in Resources */,
				4F77AB0B1E73A2AF008DBF4E /* Assets.xcassets in Resources */,
				4F77AB091E73A2AF008DBF4E /* Main.storyboard in Resources */,
			);
			runOnlyForDeploymentPostprocessing = 0;
		};
/* End PBXResourcesBuildPhase section */

/* Begin PBXShellScriptBuildPhase section */
		3463BDB26CFCFEBB5BB96144 /* [CP] Embed Pods Frameworks */ = {
			isa = PBXShellScriptBuildPhase;
			buildActionMask = 2147483647;
			files = (
			);
			inputPaths = (
			);
			name = "[CP] Embed Pods Frameworks";
			outputPaths = (
			);
			runOnlyForDeploymentPostprocessing = 0;
			shellPath = /bin/sh;
			shellScript = "\"${SRCROOT}/Pods/Target Support Files/Pods-SLBarCharts/Pods-SLBarCharts-frameworks.sh\"\n";
			showEnvVarsInLog = 0;
		};
		B379B364E37F6BDB6A7B576F /* [CP] Check Pods Manifest.lock */ = {
			isa = PBXShellScriptBuildPhase;
			buildActionMask = 2147483647;
			files = (
			);
			inputPaths = (
			);
			name = "[CP] Check Pods Manifest.lock";
			outputPaths = (
			);
			runOnlyForDeploymentPostprocessing = 0;
			shellPath = /bin/sh;
			shellScript = "diff \"${PODS_ROOT}/../Podfile.lock\" \"${PODS_ROOT}/Manifest.lock\" > /dev/null\nif [ $? != 0 ] ; then\n    # print error to STDERR\n    echo \"error: The sandbox is not in sync with the Podfile.lock. Run 'pod install' or update your CocoaPods installation.\" >&2\n    exit 1\nfi\n";
			showEnvVarsInLog = 0;
		};
		F1D086F8B4A355A235EBB895 /* [CP] Copy Pods Resources */ = {
			isa = PBXShellScriptBuildPhase;
			buildActionMask = 2147483647;
			files = (
			);
			inputPaths = (
			);
			name = "[CP] Copy Pods Resources";
			outputPaths = (
			);
			runOnlyForDeploymentPostprocessing = 0;
			shellPath = /bin/sh;
			shellScript = "\"${SRCROOT}/Pods/Target Support Files/Pods-SLBarCharts/Pods-SLBarCharts-resources.sh\"\n";
			showEnvVarsInLog = 0;
		};
/* End PBXShellScriptBuildPhase section */

/* Begin PBXSourcesBuildPhase section */
		4F77AAF71E73A2AF008DBF4E /* Sources */ = {
			isa = PBXSourcesBuildPhase;
			buildActionMask = 2147483647;
			files = (
				4F77AB061E73A2AF008DBF4E /* ViewController.m in Sources */,
				4F77AB031E73A2AF008DBF4E /* AppDelegate.m in Sources */,
				4F77AB001E73A2AF008DBF4E /* main.m in Sources */,
			);
			runOnlyForDeploymentPostprocessing = 0;
		};
/* End PBXSourcesBuildPhase section */

/* Begin PBXVariantGroup section */
		4F77AB071E73A2AF008DBF4E /* Main.storyboard */ = {
			isa = PBXVariantGroup;
			children = (
				4F77AB081E73A2AF008DBF4E /* Base */,
			);
			name = Main.storyboard;
			sourceTree = "<group>";
		};
		4F77AB0C1E73A2AF008DBF4E /* LaunchScreen.storyboard */ = {
			isa = PBXVariantGroup;
			children = (
				4F77AB0D1E73A2AF008DBF4E /* Base */,
			);
			name = LaunchScreen.storyboard;
			sourceTree = "<group>";
		};
/* End PBXVariantGroup section */

/* Begin XCBuildConfiguration section */
		4F77AB101E73A2AF008DBF4E /* Debug */ = {
			isa = XCBuildConfiguration;
			buildSettings = {
				ALWAYS_SEARCH_USER_PATHS = NO;
				CLANG_ANALYZER_NONNULL = YES;
				CLANG_CXX_LANGUAGE_STANDARD = "gnu++0x";
				CLANG_CXX_LIBRARY = "libc++";
				CLANG_ENABLE_MODULES = YES;
				CLANG_ENABLE_OBJC_ARC = YES;
				CLANG_WARN_BOOL_CONVERSION = YES;
				CLANG_WARN_CONSTANT_CONVERSION = YES;
				CLANG_WARN_DIRECT_OBJC_ISA_USAGE = YES_ERROR;
				CLANG_WARN_DOCUMENTATION_COMMENTS = YES;
				CLANG_WARN_EMPTY_BODY = YES;
				CLANG_WARN_ENUM_CONVERSION = YES;
				CLANG_WARN_INFINITE_RECURSION = YES;
				CLANG_WARN_INT_CONVERSION = YES;
				CLANG_WARN_OBJC_ROOT_CLASS = YES_ERROR;
				CLANG_WARN_SUSPICIOUS_MOVE = YES;
				CLANG_WARN_UNREACHABLE_CODE = YES;
				CLANG_WARN__DUPLICATE_METHOD_MATCH = YES;
				"CODE_SIGN_IDENTITY[sdk=iphoneos*]" = "iPhone Developer";
				COPY_PHASE_STRIP = NO;
				DEBUG_INFORMATION_FORMAT = dwarf;
				ENABLE_STRICT_OBJC_MSGSEND = YES;
				ENABLE_TESTABILITY = YES;
				GCC_C_LANGUAGE_STANDARD = gnu99;
				GCC_DYNAMIC_NO_PIC = NO;
				GCC_NO_COMMON_BLOCKS = YES;
				GCC_OPTIMIZATION_LEVEL = 0;
				GCC_PREPROCESSOR_DEFINITIONS = (
					"DEBUG=1",
					"$(inherited)",
				);
				GCC_WARN_64_TO_32_BIT_CONVERSION = YES;
				GCC_WARN_ABOUT_RETURN_TYPE = YES_ERROR;
				GCC_WARN_UNDECLARED_SELECTOR = YES;
				GCC_WARN_UNINITIALIZED_AUTOS = YES_AGGRESSIVE;
				GCC_WARN_UNUSED_FUNCTION = YES;
				GCC_WARN_UNUSED_VARIABLE = YES;
				IPHONEOS_DEPLOYMENT_TARGET = 10.2;
				MTL_ENABLE_DEBUG_INFO = YES;
				ONLY_ACTIVE_ARCH = YES;
				SDKROOT = iphoneos;
			};
			name = Debug;
		};
		4F77AB111E73A2AF008DBF4E /* Release */ = {
			isa = XCBuildConfiguration;
			buildSettings = {
				ALWAYS_SEARCH_USER_PATHS = NO;
				CLANG_ANALYZER_NONNULL = YES;
				CLANG_CXX_LANGUAGE_STANDARD = "gnu++0x";
				CLANG_CXX_LIBRARY = "libc++";
				CLANG_ENABLE_MODULES = YES;
				CLANG_ENABLE_OBJC_ARC = YES;
				CLANG_WARN_BOOL_CONVERSION = YES;
				CLANG_WARN_CONSTANT_CONVERSION = YES;
				CLANG_WARN_DIRECT_OBJC_ISA_USAGE = YES_ERROR;
				CLANG_WARN_DOCUMENTATION_COMMENTS = YES;
				CLANG_WARN_EMPTY_BODY = YES;
				CLANG_WARN_ENUM_CONVERSION = YES;
				CLANG_WARN_INFINITE_RECURSION = YES;
				CLANG_WARN_INT_CONVERSION = YES;
				CLANG_WARN_OBJC_ROOT_CLASS = YES_ERROR;
				CLANG_WARN_SUSPICIOUS_MOVE = YES;
				CLANG_WARN_UNREACHABLE_CODE = YES;
				CLANG_WARN__DUPLICATE_METHOD_MATCH = YES;
				"CODE_SIGN_IDENTITY[sdk=iphoneos*]" = "iPhone Developer";
				COPY_PHASE_STRIP = NO;
				DEBUG_INFORMATION_FORMAT = "dwarf-with-dsym";
				ENABLE_NS_ASSERTIONS = NO;
				ENABLE_STRICT_OBJC_MSGSEND = YES;
				GCC_C_LANGUAGE_STANDARD = gnu99;
				GCC_NO_COMMON_BLOCKS = YES;
				GCC_WARN_64_TO_32_BIT_CONVERSION = YES;
				GCC_WARN_ABOUT_RETURN_TYPE = YES_ERROR;
				GCC_WARN_UNDECLARED_SELECTOR = YES;
				GCC_WARN_UNINITIALIZED_AUTOS = YES_AGGRESSIVE;
				GCC_WARN_UNUSED_FUNCTION = YES;
				GCC_WARN_UNUSED_VARIABLE = YES;
				IPHONEOS_DEPLOYMENT_TARGET = 10.2;
				MTL_ENABLE_DEBUG_INFO = NO;
				SDKROOT = iphoneos;
				VALIDATE_PRODUCT = YES;
			};
			name = Release;
		};
		4F77AB131E73A2AF008DBF4E /* Debug */ = {
			isa = XCBuildConfiguration;
			baseConfigurationReference = 7618F65560A45C090EE60A15 /* Pods-SLBarCharts.debug.xcconfig */;
			buildSettings = {
				ASSETCATALOG_COMPILER_APPICON_NAME = AppIcon;
				INFOPLIST_FILE = SLBarCharts/Info.plist;
				LD_RUNPATH_SEARCH_PATHS = "$(inherited) @executable_path/Frameworks";
				PRODUCT_BUNDLE_IDENTIFIER = sl.SLBarCharts;
				PRODUCT_NAME = "$(TARGET_NAME)";
			};
			name = Debug;
		};
		4F77AB141E73A2AF008DBF4E /* Release */ = {
			isa = XCBuildConfiguration;
			baseConfigurationReference = E00769DD03F6247D065760EE /* Pods-SLBarCharts.release.xcconfig */;
			buildSettings = {
				ASSETCATALOG_COMPILER_APPICON_NAME = AppIcon;
				INFOPLIST_FILE = SLBarCharts/Info.plist;
				LD_RUNPATH_SEARCH_PATHS = "$(inherited) @executable_path/Frameworks";
				PRODUCT_BUNDLE_IDENTIFIER = sl.SLBarCharts;
				PRODUCT_NAME = "$(TARGET_NAME)";
			};
			name = Release;
		};
/* End XCBuildConfiguration section */

/* Begin XCConfigurationList section */
		4F77AAF61E73A2AF008DBF4E /* Build configuration list for PBXProject "SLBarCharts" */ = {
			isa = XCConfigurationList;
			buildConfigurations = (
				4F77AB101E73A2AF008DBF4E /* Debug */,
				4F77AB111E73A2AF008DBF4E /* Release */,
			);
			defaultConfigurationIsVisible = 0;
			defaultConfigurationName = Release;
		};
		4F77AB121E73A2AF008DBF4E /* Build configuration list for PBXNativeTarget "SLBarCharts" */ = {
			isa = XCConfigurationList;
			buildConfigurations = (
				4F77AB131E73A2AF008DBF4E /* Debug */,
				4F77AB141E73A2AF008DBF4E /* Release */,
			);
			defaultConfigurationIsVisible = 0;
			defaultConfigurationName = Release;
		};
/* End XCConfigurationList section */
	};
	rootObject = 4F77AAF31E73A2AF008DBF4E /* Project object */;
}
